
Microsoft Visual Studio Solution File, Format Version 12.00
# Visual Studio Version 17
VisualStudioVersion = 17.2.32526.322
MinimumVisualStudioVersion = 10.0.40219.1
Project("{FAE04EC0-301F-11D3-BF4B-00C04F79EFBC}") = "1-5imageclicker", "1-5imageclicker\1-5imageclicker.csproj", "{9BDE694F-7E95-465F-AE0E-E0CB7593B1DE}"
EndProject
Global
	GlobalSection(SolutionConfigurationPlatforms) = preSolution
		Debug|Any CPU = Debug|Any CPU
		Release|Any CPU = Release|Any CPU
	EndGlobalSection
	GlobalSection(ProjectConfigurationPlatforms) = postSolution
		{9BDE694F-7E95-465F-AE0E-E0CB7593B1DE}.Debug|Any CPU.ActiveCfg = Debug|Any CPU
		{9BDE694F-7E95-465F-AE0E-E0CB7593B1DE}.Debug|Any CPU.Build.0 = Debug|Any CPU
		{9BDE694F-7E95-465F-AE0E-E0CB7593B1DE}.Release|Any CPU.ActiveCfg = Release|Any CPU
		{9BDE694F-7E95-465F-AE0E-E0CB7593B1DE}.Release|Any CPU.Build.0 = Release|Any CPU
	EndGlobalSection
	GlobalSection(SolutionProperties) = preSolution
		HideSolutionNode = FALSE
	EndGlobalSection
	GlobalSection(ExtensibilityGlobals) = postSolution
		SolutionGuid = {AE66105A-C48F-4FF0-8E0C-06F71B0C56D8}
	EndGlobalSection
EndGlobal
